
Microsoft Visual Studio Solution File, Format Version 12.00
# Visual Studio 15
VisualStudioVersion = 15.0.27130.2020
MinimumVisualStudioVersion = 10.0.40219.1
Project("{FAE04EC0-301F-11D3-BF4B-00C04F79EFBC}") = "1_2_18_Exercise_1", "1_2_18_Exercise_1\1_2_18_Exercise_1.csproj", "{2AA8EC89-2302-4455-8D7F-D16353F1A3D0}"
EndProject
Global
	GlobalSection(SolutionConfigurationPlatforms) = preSolution
		Debug|Any CPU = Debug|Any CPU
		Release|Any CPU = Release|Any CPU
	EndGlobalSection
	GlobalSection(ProjectConfigurationPlatforms) = postSolution
		{2AA8EC89-2302-4455-8D7F-D16353F1A3D0}.Debug|Any CPU.ActiveCfg = Debug|Any CPU
		{2AA8EC89-2302-4455-8D7F-D16353F1A3D0}.Debug|Any CPU.Build.0 = Debug|Any CPU
		{2AA8EC89-2302-4455-8D7F-D16353F1A3D0}.Release|Any CPU.ActiveCfg = Release|Any CPU
		{2AA8EC89-2302-4455-8D7F-D16353F1A3D0}.Release|Any CPU.Build.0 = Release|Any CPU
	EndGlobalSection
	GlobalSection(SolutionProperties) = preSolution
		HideSolutionNode = FALSE
	EndGlobalSection
	GlobalSection(ExtensibilityGlobals) = postSolution
		SolutionGuid = {6248B7EF-5040-4121-B4D6-6C561624201B}
	EndGlobalSection
EndGlobal
